
Microsoft Visual Studio Solution File, Format Version 12.00
# Visual Studio Version 16
VisualStudioVersion = 16.0.30804.86
MinimumVisualStudioVersion = 10.0.40219.1
Project("{FAE04EC0-301F-11D3-BF4B-00C04F79EFBC}") = "ProgrammerBlog.Shared", "ProgrammerBlog.Shared\ProgrammerBlog.Shared.csproj", "{0448C39F-02A3-47C2-8D3F-614335DF6322}"
EndProject
Project("{FAE04EC0-301F-11D3-BF4B-00C04F79EFBC}") = "ProgrammerBlog.Entities", "ProgrammerBlog.Entities\ProgrammerBlog.Entities.csproj", "{6E971D4A-C1B5-4CF3-9950-EDEC0870D873}"
EndProject
Project("{FAE04EC0-301F-11D3-BF4B-00C04F79EFBC}") = "ProgrammerBlog.Data", "ProgrammerBlog.Data\ProgrammerBlog.Data.csproj", "{F7C2AA38-F4FA-4484-BD4B-5954BC52D8EC}"
EndProject
Project("{FAE04EC0-301F-11D3-BF4B-00C04F79EFBC}") = "ProgrammerBlog.BussinesLogicLayer", "ProgrammerBlog.BussinesLogicLayer\ProgrammerBlog.BussinesLogicLayer.csproj", "{F94DEA8F-4684-4635-AFEA-B46F4592A3C7}"
EndProject
Project("{FAE04EC0-301F-11D3-BF4B-00C04F79EFBC}") = "ProgrammerBlog.Mvc", "ProgrammerBlog.Mvc\ProgrammerBlog.Mvc.csproj", "{6AD71AB0-76D4-41BE-B7FE-9276CE944D73}"
EndProject
Global
	GlobalSection(SolutionConfigurationPlatforms) = preSolution
		Debug|Any CPU = Debug|Any CPU
		Release|Any CPU = Release|Any CPU
	EndGlobalSection
	GlobalSection(ProjectConfigurationPlatforms) = postSolution
		{0448C39F-02A3-47C2-8D3F-614335DF6322}.Debug|Any CPU.ActiveCfg = Debug|Any CPU
		{0448C39F-02A3-47C2-8D3F-614335DF6322}.Debug|Any CPU.Build.0 = Debug|Any CPU
		{0448C39F-02A3-47C2-8D3F-614335DF6322}.Release|Any CPU.ActiveCfg = Release|Any CPU
		{0448C39F-02A3-47C2-8D3F-614335DF6322}.Release|Any CPU.Build.0 = Release|Any CPU
		{6E971D4A-C1B5-4CF3-9950-EDEC0870D873}.Debug|Any CPU.ActiveCfg = Debug|Any CPU
		{6E971D4A-C1B5-4CF3-9950-EDEC0870D873}.Debug|Any CPU.Build.0 = Debug|Any CPU
		{6E971D4A-C1B5-4CF3-9950-EDEC0870D873}.Release|Any CPU.ActiveCfg = Release|Any CPU
		{6E971D4A-C1B5-4CF3-9950-EDEC0870D873}.Release|Any CPU.Build.0 = Release|Any CPU
		{F7C2AA38-F4FA-4484-BD4B-5954BC52D8EC}.Debug|Any CPU.ActiveCfg = Debug|Any CPU
		{F7C2AA38-F4FA-4484-BD4B-5954BC52D8EC}.Debug|Any CPU.Build.0 = Debug|Any CPU
		{F7C2AA38-F4FA-4484-BD4B-5954BC52D8EC}.Release|Any CPU.ActiveCfg = Release|Any CPU
		{F7C2AA38-F4FA-4484-BD4B-5954BC52D8EC}.Release|Any CPU.Build.0 = Release|Any CPU
		{F94DEA8F-4684-4635-AFEA-B46F4592A3C7}.Debug|Any CPU.ActiveCfg = Debug|Any CPU
		{F94DEA8F-4684-4635-AFEA-B46F4592A3C7}.Debug|Any CPU.Build.0 = Debug|Any CPU
		{F94DEA8F-4684-4635-AFEA-B46F4592A3C7}.Release|Any CPU.ActiveCfg = Release|Any CPU
		{F94DEA8F-4684-4635-AFEA-B46F4592A3C7}.Release|Any CPU.Build.0 = Release|Any CPU
		{6AD71AB0-76D4-41BE-B7FE-9276CE944D73}.Debug|Any CPU.ActiveCfg = Debug|Any CPU
		{6AD71AB0-76D4-41BE-B7FE-9276CE944D73}.Debug|Any CPU.Build.0 = Debug|Any CPU
		{6AD71AB0-76D4-41BE-B7FE-9276CE944D73}.Release|Any CPU.ActiveCfg = Release|Any CPU
		{6AD71AB0-76D4-41BE-B7FE-9276CE944D73}.Release|Any CPU.Build.0 = Release|Any CPU
	EndGlobalSection
	GlobalSection(SolutionProperties) = preSolution
		HideSolutionNode = FALSE
	EndGlobalSection
	GlobalSection(ExtensibilityGlobals) = postSolution
		SolutionGuid = {56DAB75D-CA0E-4494-8495-C7949F697FF2}
	EndGlobalSection
EndGlobal
